
Microsoft Visual Studio Solution File, Format Version 12.00
Project("{2150E333-8FDC-42A3-9474-1A3956D46DE8}") = "src", "src", "{AFF5B4D9-0427-4B1F-9E2B-D5F6EAF3AAFA}"
EndProject
Project("{2150E333-8FDC-42A3-9474-1A3956D46DE8}") = "test", "test", "{08519772-A680-4114-B8A0-BBC7C794D588}"
EndProject
Project("{2150E333-8FDC-42A3-9474-1A3956D46DE8}") = "Solution Items", "Solution Items", "{FF3B7B48-A895-4492-8122-B3F3D35720BD}"
EndProject
Project("{FAE04EC0-301F-11D3-BF4B-00C04F79EFBC}") = "ReSausage", "src\ReSausage\ReSausage.csproj", "{C21B5E3A-B720-49DD-BB76-025C23922B5B}"
EndProject
Project("{FAE04EC0-301F-11D3-BF4B-00C04F79EFBC}") = "ReSausage.Tests", "test\ReSausage.Tests\ReSausage.Tests.csproj", "{DA05541B-4181-4843-B5FB-93D13C394777}"
EndProject
Global
	GlobalSection(SolutionConfigurationPlatforms) = preSolution
		Debug|Any CPU = Debug|Any CPU
		Release|Any CPU = Release|Any CPU
	EndGlobalSection
	GlobalSection(ProjectConfigurationPlatforms) = postSolution
		{C21B5E3A-B720-49DD-BB76-025C23922B5B}.Debug|Any CPU.ActiveCfg = Debug|Any CPU
		{C21B5E3A-B720-49DD-BB76-025C23922B5B}.Debug|Any CPU.Build.0 = Debug|Any CPU
		{C21B5E3A-B720-49DD-BB76-025C23922B5B}.Release|Any CPU.ActiveCfg = Release|Any CPU
		{C21B5E3A-B720-49DD-BB76-025C23922B5B}.Release|Any CPU.Build.0 = Release|Any CPU
		{DA05541B-4181-4843-B5FB-93D13C394777}.Debug|Any CPU.ActiveCfg = Debug|Any CPU
		{DA05541B-4181-4843-B5FB-93D13C394777}.Debug|Any CPU.Build.0 = Debug|Any CPU
		{DA05541B-4181-4843-B5FB-93D13C394777}.Release|Any CPU.ActiveCfg = Release|Any CPU
		{DA05541B-4181-4843-B5FB-93D13C394777}.Release|Any CPU.Build.0 = Release|Any CPU
	EndGlobalSection
	GlobalSection(NestedProjects) = preSolution
		{C21B5E3A-B720-49DD-BB76-025C23922B5B} = {AFF5B4D9-0427-4B1F-9E2B-D5F6EAF3AAFA}
		{DA05541B-4181-4843-B5FB-93D13C394777} = {08519772-A680-4114-B8A0-BBC7C794D588}
	EndGlobalSection
EndGlobal
